// !$*UTF8*$!
{
	archiveVersion = 1;
	classes = {
	};
	objectVersion = 55;
	objects = {

/* Begin PBXBuildFile section */
		636E2E7327F3131A004DB925 /* AppDelegate.swift in Sources */ = {isa = PBXBuildFile; fileRef = 636E2E7227F3131A004DB925 /* AppDelegate.swift */; };
		636E2E7527F3131A004DB925 /* SceneDelegate.swift in Sources */ = {isa = PBXBuildFile; fileRef = 636E2E7427F3131A004DB925 /* SceneDelegate.swift */; };
		636E2E7727F3131A004DB925 /* MainTabBarViewController.swift in Sources */ = {isa = PBXBuildFile; fileRef = 636E2E7627F3131A004DB925 /* MainTabBarViewController.swift */; };
		636E2E7C27F3131B004DB925 /* Assets.xcassets in Resources */ = {isa = PBXBuildFile; fileRef = 636E2E7B27F3131B004DB925 /* Assets.xcassets */; };
		636E2E9127F33788004DB925 /* HomeVC.swift in Sources */ = {isa = PBXBuildFile; fileRef = 636E2E9027F33788004DB925 /* HomeVC.swift */; };
		636E2E9327F337A3004DB925 /* UpComingVC.swift in Sources */ = {isa = PBXBuildFile; fileRef = 636E2E9227F337A3004DB925 /* UpComingVC.swift */; };
		636E2E9527F337AD004DB925 /* SearchVC.swift in Sources */ = {isa = PBXBuildFile; fileRef = 636E2E9427F337AD004DB925 /* SearchVC.swift */; };
		636E2E9727F337B9004DB925 /* DownloadVC.swift in Sources */ = {isa = PBXBuildFile; fileRef = 636E2E9627F337B9004DB925 /* DownloadVC.swift */; };
		636E2E9E27F349DE004DB925 /* TableCollectionViewCell.swift in Sources */ = {isa = PBXBuildFile; fileRef = 636E2E9D27F349DE004DB925 /* TableCollectionViewCell.swift */; };
		636E2EA027F36FBB004DB925 /* TopHeaderUIView.swift in Sources */ = {isa = PBXBuildFile; fileRef = 636E2E9F27F36FBB004DB925 /* TopHeaderUIView.swift */; };
		637956EB27F5996100151C58 /* MovieWebService.swift in Sources */ = {isa = PBXBuildFile; fileRef = 637956EA27F5996100151C58 /* MovieWebService.swift */; };
		637956ED27F59B6400151C58 /* MovieResponse.swift in Sources */ = {isa = PBXBuildFile; fileRef = 637956EC27F59B6400151C58 /* MovieResponse.swift */; };
		637956F027F5A51F00151C58 /* Result.swift in Sources */ = {isa = PBXBuildFile; fileRef = 637956EF27F5A51F00151C58 /* Result.swift */; };
		637956F227F5A59100151C58 /* Decoders.swift in Sources */ = {isa = PBXBuildFile; fileRef = 637956F127F5A59100151C58 /* Decoders.swift */; };
		637BFE4C27F8651C00848CAA /* SearchResultsController.swift in Sources */ = {isa = PBXBuildFile; fileRef = 637BFE4B27F8651C00848CAA /* SearchResultsController.swift */; };
		637BFE4F27F8724300848CAA /* SearchViewModel.swift in Sources */ = {isa = PBXBuildFile; fileRef = 637BFE4E27F8724300848CAA /* SearchViewModel.swift */; };
		637E5E5327FDD75F0089ABB0 /* NetflixEntity.xcdatamodeld in Sources */ = {isa = PBXBuildFile; fileRef = 637E5E5127FDD75F0089ABB0 /* NetflixEntity.xcdatamodeld */; };
		637E5E5527FDDAF30089ABB0 /* DataPersistentManager.swift in Sources */ = {isa = PBXBuildFile; fileRef = 637E5E5427FDDAF30089ABB0 /* DataPersistentManager.swift */; };
		6382CD0A27F6FA92009C2C65 /* UpComingTableViewCell.swift in Sources */ = {isa = PBXBuildFile; fileRef = 6382CD0927F6FA92009C2C65 /* UpComingTableViewCell.swift */; };
		6382CD0C27F6FF00009C2C65 /* HomeViewModel.swift in Sources */ = {isa = PBXBuildFile; fileRef = 6382CD0B27F6FF00009C2C65 /* HomeViewModel.swift */; };
		63BBA22727F9CFD5004B7BDA /* YoutubeModels.swift in Sources */ = {isa = PBXBuildFile; fileRef = 63BBA22627F9CFD5004B7BDA /* YoutubeModels.swift */; };
		63DE97E827FA41840093D2BC /* MovieTrailerVC.swift in Sources */ = {isa = PBXBuildFile; fileRef = 63DE97E727FA41840093D2BC /* MovieTrailerVC.swift */; };
		63DE97EA27FA49E80093D2BC /* YoutubeVM.swift in Sources */ = {isa = PBXBuildFile; fileRef = 63DE97E927FA49E80093D2BC /* YoutubeVM.swift */; };
		63E8072027F655FE00001D7B /* BottomCollectionViewCell.swift in Sources */ = {isa = PBXBuildFile; fileRef = 63E8071F27F655FE00001D7B /* BottomCollectionViewCell.swift */; };
		63E8072327F6580400001D7B /* Kingfisher in Frameworks */ = {isa = PBXBuildFile; productRef = 63E8072227F6580400001D7B /* Kingfisher */; };
		7FF840DAD3B0F491A5C8E535 /* Pods_Netflix_Clone_MVVM.framework in Frameworks */ = {isa = PBXBuildFile; fileRef = 121FFC9F1C0DBE47E6D418AD /* Pods_Netflix_Clone_MVVM.framework */; };
/* End PBXBuildFile section */

/* Begin PBXFileReference section */
		121FFC9F1C0DBE47E6D418AD /* Pods_Netflix_Clone_MVVM.framework */ = {isa = PBXFileReference; explicitFileType = wrapper.framework; includeInIndex = 0; path = Pods_Netflix_Clone_MVVM.framework; sourceTree = BUILT_PRODUCTS_DIR; };
		636E2E6F27F3131A004DB925 /* Netflix-Clone-MVVM.app */ = {isa = PBXFileReference; explicitFileType = wrapper.application; includeInIndex = 0; path = "Netflix-Clone-MVVM.app"; sourceTree = BUILT_PRODUCTS_DIR; };
		636E2E7227F3131A004DB925 /* AppDelegate.swift */ = {isa = PBXFileReference; lastKnownFileType = sourcecode.swift; path = AppDelegate.swift; sourceTree = "<group>"; };
		636E2E7427F3131A004DB925 /* SceneDelegate.swift */ = {isa = PBXFileReference; lastKnownFileType = sourcecode.swift; path = SceneDelegate.swift; sourceTree = "<group>"; };
		636E2E7627F3131A004DB925 /* MainTabBarViewController.swift */ = {isa = PBXFileReference; lastKnownFileType = sourcecode.swift; path = MainTabBarViewController.swift; sourceTree = "<group>"; };
		636E2E7B27F3131B004DB925 /* Assets.xcassets */ = {isa = PBXFileReference; lastKnownFileType = folder.assetcatalog; path = Assets.xcassets; sourceTree = "<group>"; };
		636E2E8027F3131B004DB925 /* Info.plist */ = {isa = PBXFileReference; lastKnownFileType = text.plist.xml; path = Info.plist; sourceTree = "<group>"; };
		636E2E9027F33788004DB925 /* HomeVC.swift */ = {isa = PBXFileReference; lastKnownFileType = sourcecode.swift; path = HomeVC.swift; sourceTree = "<group>"; };
		636E2E9227F337A3004DB925 /* UpComingVC.swift */ = {isa = PBXFileReference; lastKnownFileType = sourcecode.swift; path = UpComingVC.swift; sourceTree = "<group>"; };
		636E2E9427F337AD004DB925 /* SearchVC.swift */ = {isa = PBXFileReference; lastKnownFileType = sourcecode.swift; path = SearchVC.swift; sourceTree = "<group>"; };
		636E2E9627F337B9004DB925 /* DownloadVC.swift */ = {isa = PBXFileReference; lastKnownFileType = sourcecode.swift; path = DownloadVC.swift; sourceTree = "<group>"; };
		636E2E9D27F349DE004DB925 /* TableCollectionViewCell.swift */ = {isa = PBXFileReference; lastKnownFileType = sourcecode.swift; path = TableCollectionViewCell.swift; sourceTree = "<group>"; };
		636E2E9F27F36FBB004DB925 /* TopHeaderUIView.swift */ = {isa = PBXFileReference; lastKnownFileType = sourcecode.swift; path = TopHeaderUIView.swift; sourceTree = "<group>"; };
		637956EA27F5996100151C58 /* MovieWebService.swift */ = {isa = PBXFileReference; lastKnownFileType = sourcecode.swift; path = MovieWebService.swift; sourceTree = "<group>"; };
		637956EC27F59B6400151C58 /* MovieResponse.swift */ = {isa = PBXFileReference; lastKnownFileType = sourcecode.swift; path = MovieResponse.swift; sourceTree = "<group>"; };
		637956EF27F5A51F00151C58 /* Result.swift */ = {isa = PBXFileReference; lastKnownFileType = sourcecode.swift; path = Result.swift; sourceTree = "<group>"; };
		637956F127F5A59100151C58 /* Decoders.swift */ = {isa = PBXFileReference; lastKnownFileType = sourcecode.swift; path = Decoders.swift; sourceTree = "<group>"; };
		637BFE4B27F8651C00848CAA /* SearchResultsController.swift */ = {isa = PBXFileReference; lastKnownFileType = sourcecode.swift; path = SearchResultsController.swift; sourceTree = "<group>"; };
		637BFE4E27F8724300848CAA /* SearchViewModel.swift */ = {isa = PBXFileReference; lastKnownFileType = sourcecode.swift; path = SearchViewModel.swift; sourceTree = "<group>"; };
		637E5E5227FDD75F0089ABB0 /* NetflixEntity.xcdatamodel */ = {isa = PBXFileReference; lastKnownFileType = wrapper.xcdatamodel; path = NetflixEntity.xcdatamodel; sourceTree = "<group>"; };
		637E5E5427FDDAF30089ABB0 /* DataPersistentManager.swift */ = {isa = PBXFileReference; lastKnownFileType = sourcecode.swift; path = DataPersistentManager.swift; sourceTree = "<group>"; };
		6382CD0927F6FA92009C2C65 /* UpComingTableViewCell.swift */ = {isa = PBXFileReference; lastKnownFileType = sourcecode.swift; path = UpComingTableViewCell.swift; sourceTree = "<group>"; };
		6382CD0B27F6FF00009C2C65 /* HomeViewModel.swift */ = {isa = PBXFileReference; lastKnownFileType = sourcecode.swift; path = HomeViewModel.swift; sourceTree = "<group>"; };
		63BBA22627F9CFD5004B7BDA /* YoutubeModels.swift */ = {isa = PBXFileReference; lastKnownFileType = sourcecode.swift; path = YoutubeModels.swift; sourceTree = "<group>"; };
		63DE97E727FA41840093D2BC /* MovieTrailerVC.swift */ = {isa = PBXFileReference; lastKnownFileType = sourcecode.swift; path = MovieTrailerVC.swift; sourceTree = "<group>"; };
		63DE97E927FA49E80093D2BC /* YoutubeVM.swift */ = {isa = PBXFileReference; lastKnownFileType = sourcecode.swift; path = YoutubeVM.swift; sourceTree = "<group>"; };
		63E8071F27F655FE00001D7B /* BottomCollectionViewCell.swift */ = {isa = PBXFileReference; lastKnownFileType = sourcecode.swift; path = BottomCollectionViewCell.swift; sourceTree = "<group>"; };
		873AFC56D58F0B24F2063404 /* Pods-Netflix-Clone-MVVM.debug.xcconfig */ = {isa = PBXFileReference; includeInIndex = 1; lastKnownFileType = text.xcconfig; name = "Pods-Netflix-Clone-MVVM.debug.xcconfig"; path = "Target Support Files/Pods-Netflix-Clone-MVVM/Pods-Netflix-Clone-MVVM.debug.xcconfig"; sourceTree = "<group>"; };
		D9761DDF5A7A9C887270B1F3 /* Pods-Netflix-Clone-MVVM.release.xcconfig */ = {isa = PBXFileReference; includeInIndex = 1; lastKnownFileType = text.xcconfig; name = "Pods-Netflix-Clone-MVVM.release.xcconfig"; path = "Target Support Files/Pods-Netflix-Clone-MVVM/Pods-Netflix-Clone-MVVM.release.xcconfig"; sourceTree = "<group>"; };
/* End PBXFileReference section */

/* Begin PBXFrameworksBuildPhase section */
		636E2E6C27F3131A004DB925 /* Frameworks */ = {
			isa = PBXFrameworksBuildPhase;
			buildActionMask = 2147483647;
			files = (
				63E8072327F6580400001D7B /* Kingfisher in Frameworks */,
				7FF840DAD3B0F491A5C8E535 /* Pods_Netflix_Clone_MVVM.framework in Frameworks */,
			);
			runOnlyForDeploymentPostprocessing = 0;
		};
/* End PBXFrameworksBuildPhase section */

/* Begin PBXGroup section */
		10EF65473776426FB527ABFF /* Frameworks */ = {
			isa = PBXGroup;
			children = (
				121FFC9F1C0DBE47E6D418AD /* Pods_Netflix_Clone_MVVM.framework */,
			);
			name = Frameworks;
			sourceTree = "<group>";
		};
		636E2E6627F3131A004DB925 = {
			isa = PBXGroup;
			children = (
				636E2E7127F3131A004DB925 /* Netflix-Clone-MVVM */,
				636E2E7027F3131A004DB925 /* Products */,
				691E2B3D83A24F42A370CC3A /* Pods */,
				10EF65473776426FB527ABFF /* Frameworks */,
			);
			sourceTree = "<group>";
		};
		636E2E7027F3131A004DB925 /* Products */ = {
			isa = PBXGroup;
			children = (
				636E2E6F27F3131A004DB925 /* Netflix-Clone-MVVM.app */,
			);
			name = Products;
			sourceTree = "<group>";
		};
		636E2E7127F3131A004DB925 /* Netflix-Clone-MVVM */ = {
			isa = PBXGroup;
			children = (
				636E2E9927F34948004DB925 /* Resources */,
				636E2E9C27F34957004DB925 /* ViewModels */,
				636E2E9B27F34952004DB925 /* Cells */,
				636E2E9A27F3494D004DB925 /* Models */,
				636E2E9827F34943004DB925 /* NetworkManagers */,
				636E2E8627F336E6004DB925 /* ViewControllers */,
				636E2E7627F3131A004DB925 /* MainTabBarViewController.swift */,
				636E2E8027F3131B004DB925 /* Info.plist */,
				637E5E5127FDD75F0089ABB0 /* NetflixEntity.xcdatamodeld */,
			);
			path = "Netflix-Clone-MVVM";
			sourceTree = "<group>";
		};
		636E2E8627F336E6004DB925 /* ViewControllers */ = {
			isa = PBXGroup;
			children = (
				636E2E9027F33788004DB925 /* HomeVC.swift */,
				636E2E9227F337A3004DB925 /* UpComingVC.swift */,
				636E2E9427F337AD004DB925 /* SearchVC.swift */,
				636E2E9627F337B9004DB925 /* DownloadVC.swift */,
				637BFE4B27F8651C00848CAA /* SearchResultsController.swift */,
				63DE97E727FA41840093D2BC /* MovieTrailerVC.swift */,
			);
			path = ViewControllers;
			sourceTree = "<group>";
		};
		636E2E9827F34943004DB925 /* NetworkManagers */ = {
			isa = PBXGroup;
			children = (
				637956EE27F5A51600151C58 /* Helpers */,
				637956EA27F5996100151C58 /* MovieWebService.swift */,
				637E5E5427FDDAF30089ABB0 /* DataPersistentManager.swift */,
			);
			path = NetworkManagers;
			sourceTree = "<group>";
		};
		636E2E9927F34948004DB925 /* Resources */ = {
			isa = PBXGroup;
			children = (
				636E2E7227F3131A004DB925 /* AppDelegate.swift */,
				636E2E7427F3131A004DB925 /* SceneDelegate.swift */,
				636E2E7B27F3131B004DB925 /* Assets.xcassets */,
			);
			path = Resources;
			sourceTree = "<group>";
		};
		636E2E9A27F3494D004DB925 /* Models */ = {
			isa = PBXGroup;
			children = (
				637956EC27F59B6400151C58 /* MovieResponse.swift */,
				63BBA22627F9CFD5004B7BDA /* YoutubeModels.swift */,
			);
			path = Models;
			sourceTree = "<group>";
		};
		636E2E9B27F34952004DB925 /* Cells */ = {
			isa = PBXGroup;
			children = (
				6382CD0827F6FA6D009C2C65 /* UpComingCells */,
				6382CD0727F6FA60009C2C65 /* HomeCells */,
			);
			path = Cells;
			sourceTree = "<group>";
		};
		636E2E9C27F34957004DB925 /* ViewModels */ = {
			isa = PBXGroup;
			children = (
				6382CD0B27F6FF00009C2C65 /* HomeViewModel.swift */,
				637BFE4E27F8724300848CAA /* SearchViewModel.swift */,
				63DE97E927FA49E80093D2BC /* YoutubeVM.swift */,
			);
			path = ViewModels;
			sourceTree = "<group>";
		};
		637956EE27F5A51600151C58 /* Helpers */ = {
			isa = PBXGroup;
			children = (
				637956EF27F5A51F00151C58 /* Result.swift */,
				637956F127F5A59100151C58 /* Decoders.swift */,
			);
			path = Helpers;
			sourceTree = "<group>";
		};
		6382CD0727F6FA60009C2C65 /* HomeCells */ = {
			isa = PBXGroup;
			children = (
				636E2E9D27F349DE004DB925 /* TableCollectionViewCell.swift */,
				636E2E9F27F36FBB004DB925 /* TopHeaderUIView.swift */,
				63E8071F27F655FE00001D7B /* BottomCollectionViewCell.swift */,
			);
			path = HomeCells;
			sourceTree = "<group>";
		};
		6382CD0827F6FA6D009C2C65 /* UpComingCells */ = {
			isa = PBXGroup;
			children = (
				6382CD0927F6FA92009C2C65 /* UpComingTableViewCell.swift */,
			);
			path = UpComingCells;
			sourceTree = "<group>";
		};
		691E2B3D83A24F42A370CC3A /* Pods */ = {
			isa = PBXGroup;
			children = (
				873AFC56D58F0B24F2063404 /* Pods-Netflix-Clone-MVVM.debug.xcconfig */,
				D9761DDF5A7A9C887270B1F3 /* Pods-Netflix-Clone-MVVM.release.xcconfig */,
			);
			path = Pods;
			sourceTree = "<group>";
		};
/* End PBXGroup section */

/* Begin PBXNativeTarget section */
		636E2E6E27F3131A004DB925 /* Netflix-Clone-MVVM */ = {
			isa = PBXNativeTarget;
			buildConfigurationList = 636E2E8327F3131B004DB925 /* Build configuration list for PBXNativeTarget "Netflix-Clone-MVVM" */;
			buildPhases = (
				5CAB17F2E064D96A3523F721 /* [CP] Check Pods Manifest.lock */,
				636E2E6B27F3131A004DB925 /* Sources */,
				636E2E6C27F3131A004DB925 /* Frameworks */,
				636E2E6D27F3131A004DB925 /* Resources */,
				7035AFF3CC6B83B4AE86DBB6 /* [CP] Embed Pods Frameworks */,
			);
			buildRules = (
			);
			dependencies = (
			);
			name = "Netflix-Clone-MVVM";
			packageProductDependencies = (
				63E8072227F6580400001D7B /* Kingfisher */,
			);
			productName = "Netflix-Clone-MVVM";
			productReference = 636E2E6F27F3131A004DB925 /* Netflix-Clone-MVVM.app */;
			productType = "com.apple.product-type.application";
		};
/* End PBXNativeTarget section */

/* Begin PBXProject section */
		636E2E6727F3131A004DB925 /* Project object */ = {
			isa = PBXProject;
			attributes = {
				BuildIndependentTargetsInParallel = 1;
				LastSwiftUpdateCheck = 1320;
				LastUpgradeCheck = 1320;
				TargetAttributes = {
					636E2E6E27F3131A004DB925 = {
						CreatedOnToolsVersion = 13.2.1;
					};
				};
			};
			buildConfigurationList = 636E2E6A27F3131A004DB925 /* Build configuration list for PBXProject "Netflix-Clone-MVVM" */;
			compatibilityVersion = "Xcode 13.0";
			developmentRegion = en;
			hasScannedForEncodings = 0;
			knownRegions = (
				en,
				Base,
			);
			mainGroup = 636E2E6627F3131A004DB925;
			packageReferences = (
				63E8072127F6580400001D7B /* XCRemoteSwiftPackageReference "Kingfisher" */,
			);
			productRefGroup = 636E2E7027F3131A004DB925 /* Products */;
			projectDirPath = "";
			projectRoot = "";
			targets = (
				636E2E6E27F3131A004DB925 /* Netflix-Clone-MVVM */,
			);
		};
/* End PBXProject section */

/* Begin PBXResourcesBuildPhase section */
		636E2E6D27F3131A004DB925 /* Resources */ = {
			isa = PBXResourcesBuildPhase;
			buildActionMask = 2147483647;
			files = (
				636E2E7C27F3131B004DB925 /* Assets.xcassets in Resources */,
			);
			runOnlyForDeploymentPostprocessing = 0;
		};
/* End PBXResourcesBuildPhase section */

/* Begin PBXShellScriptBuildPhase section */
		5CAB17F2E064D96A3523F721 /* [CP] Check Pods Manifest.lock */ = {
			isa = PBXShellScriptBuildPhase;
			buildActionMask = 2147483647;
			files = (
			);
			inputFileListPaths = (
			);
			inputPaths = (
				"${PODS_PODFILE_DIR_PATH}/Podfile.lock",
				"${PODS_ROOT}/Manifest.lock",
			);
			name = "[CP] Check Pods Manifest.lock";
			outputFileListPaths = (
			);
			outputPaths = (
				"$(DERIVED_FILE_DIR)/Pods-Netflix-Clone-MVVM-checkManifestLockResult.txt",
			);
			runOnlyForDeploymentPostprocessing = 0;
			shellPath = /bin/sh;
			shellScript = "diff \"${PODS_PODFILE_DIR_PATH}/Podfile.lock\" \"${PODS_ROOT}/Manifest.lock\" > /dev/null\nif [ $? != 0 ] ; then\n    # print error to STDERR\n    echo \"error: The sandbox is not in sync with the Podfile.lock. Run 'pod install' or update your CocoaPods installation.\" >&2\n    exit 1\nfi\n# This output is used by Xcode 'outputs' to avoid re-running this script phase.\necho \"SUCCESS\" > \"${SCRIPT_OUTPUT_FILE_0}\"\n";
			showEnvVarsInLog = 0;
		};
		7035AFF3CC6B83B4AE86DBB6 /* [CP] Embed Pods Frameworks */ = {
			isa = PBXShellScriptBuildPhase;
			buildActionMask = 2147483647;
			files = (
			);
			inputFileListPaths = (
				"${PODS_ROOT}/Target Support Files/Pods-Netflix-Clone-MVVM/Pods-Netflix-Clone-MVVM-frameworks-${CONFIGURATION}-input-files.xcfilelist",
			);
			name = "[CP] Embed Pods Frameworks";
			outputFileListPaths = (
				"${PODS_ROOT}/Target Support Files/Pods-Netflix-Clone-MVVM/Pods-Netflix-Clone-MVVM-frameworks-${CONFIGURATION}-output-files.xcfilelist",
			);
			runOnlyForDeploymentPostprocessing = 0;
			shellPath = /bin/sh;
			shellScript = "\"${PODS_ROOT}/Target Support Files/Pods-Netflix-Clone-MVVM/Pods-Netflix-Clone-MVVM-frameworks.sh\"\n";
			showEnvVarsInLog = 0;
		};
/* End PBXShellScriptBuildPhase section */

/* Begin PBXSourcesBuildPhase section */
		636E2E6B27F3131A004DB925 /* Sources */ = {
			isa = PBXSourcesBuildPhase;
			buildActionMask = 2147483647;
			files = (
				636E2EA027F36FBB004DB925 /* TopHeaderUIView.swift in Sources */,
				637956ED27F59B6400151C58 /* MovieResponse.swift in Sources */,
				636E2E9527F337AD004DB925 /* SearchVC.swift in Sources */,
				6382CD0C27F6FF00009C2C65 /* HomeViewModel.swift in Sources */,
				637956F227F5A59100151C58 /* Decoders.swift in Sources */,
				636E2E9727F337B9004DB925 /* DownloadVC.swift in Sources */,
				637BFE4F27F8724300848CAA /* SearchViewModel.swift in Sources */,
				63DE97E827FA41840093D2BC /* MovieTrailerVC.swift in Sources */,
				636E2E7727F3131A004DB925 /* MainTabBarViewController.swift in Sources */,
				637E5E5327FDD75F0089ABB0 /* NetflixEntity.xcdatamodeld in Sources */,
				6382CD0A27F6FA92009C2C65 /* UpComingTableViewCell.swift in Sources */,
				636E2E9327F337A3004DB925 /* UpComingVC.swift in Sources */,
				63BBA22727F9CFD5004B7BDA /* YoutubeModels.swift in Sources */,
				637BFE4C27F8651C00848CAA /* SearchResultsController.swift in Sources */,
				637956F027F5A51F00151C58 /* Result.swift in Sources */,
				63DE97EA27FA49E80093D2BC /* YoutubeVM.swift in Sources */,
				63E8072027F655FE00001D7B /* BottomCollectionViewCell.swift in Sources */,
				636E2E9127F33788004DB925 /* HomeVC.swift in Sources */,
				637956EB27F5996100151C58 /* MovieWebService.swift in Sources */,
				637E5E5527FDDAF30089ABB0 /* DataPersistentManager.swift in Sources */,
				636E2E7327F3131A004DB925 /* AppDelegate.swift in Sources */,
				636E2E7527F3131A004DB925 /* SceneDelegate.swift in Sources */,
				636E2E9E27F349DE004DB925 /* TableCollectionViewCell.swift in Sources */,
			);
			runOnlyForDeploymentPostprocessing = 0;
		};
/* End PBXSourcesBuildPhase section */

/* Begin XCBuildConfiguration section */
		636E2E8127F3131B004DB925 /* Debug */ = {
			isa = XCBuildConfiguration;
			buildSettings = {
				ALWAYS_SEARCH_USER_PATHS = NO;
				CLANG_ANALYZER_NONNULL = YES;
				CLANG_ANALYZER_NUMBER_OBJECT_CONVERSION = YES_AGGRESSIVE;
				CLANG_CXX_LANGUAGE_STANDARD = "gnu++17";
				CLANG_CXX_LIBRARY = "libc++";
				CLANG_ENABLE_MODULES = YES;
				CLANG_ENABLE_OBJC_ARC = YES;
				CLANG_ENABLE_OBJC_WEAK = YES;
				CLANG_WARN_BLOCK_CAPTURE_AUTORELEASING = YES;
				CLANG_WARN_BOOL_CONVERSION = YES;
				CLANG_WARN_COMMA = YES;
				CLANG_WARN_CONSTANT_CONVERSION = YES;
				CLANG_WARN_DEPRECATED_OBJC_IMPLEMENTATIONS = YES;
				CLANG_WARN_DIRECT_OBJC_ISA_USAGE = YES_ERROR;
				CLANG_WARN_DOCUMENTATION_COMMENTS = YES;
				CLANG_WARN_EMPTY_BODY = YES;
				CLANG_WARN_ENUM_CONVERSION = YES;
				CLANG_WARN_INFINITE_RECURSION = YES;
				CLANG_WARN_INT_CONVERSION = YES;
				CLANG_WARN_NON_LITERAL_NULL_CONVERSION = YES;
				CLANG_WARN_OBJC_IMPLICIT_RETAIN_SELF = YES;
				CLANG_WARN_OBJC_LITERAL_CONVERSION = YES;
				CLANG_WARN_OBJC_ROOT_CLASS = YES_ERROR;
				CLANG_WARN_QUOTED_INCLUDE_IN_FRAMEWORK_HEADER = YES;
				CLANG_WARN_RANGE_LOOP_ANALYSIS = YES;
				CLANG_WARN_STRICT_PROTOTYPES = YES;
				CLANG_WARN_SUSPICIOUS_MOVE = YES;
				CLANG_WARN_UNGUARDED_AVAILABILITY = YES_AGGRESSIVE;
				CLANG_WARN_UNREACHABLE_CODE = YES;
				CLANG_WARN__DUPLICATE_METHOD_MATCH = YES;
				COPY_PHASE_STRIP = NO;
				DEBUG_INFORMATION_FORMAT = dwarf;
				ENABLE_STRICT_OBJC_MSGSEND = YES;
				ENABLE_TESTABILITY = YES;
				GCC_C_LANGUAGE_STANDARD = gnu11;
				GCC_DYNAMIC_NO_PIC = NO;
				GCC_NO_COMMON_BLOCKS = YES;
				GCC_OPTIMIZATION_LEVEL = 0;
				GCC_PREPROCESSOR_DEFINITIONS = (
					"DEBUG=1",
					"$(inherited)",
				);
				GCC_WARN_64_TO_32_BIT_CONVERSION = YES;
				GCC_WARN_ABOUT_RETURN_TYPE = YES_ERROR;
				GCC_WARN_UNDECLARED_SELECTOR = YES;
				GCC_WARN_UNINITIALIZED_AUTOS = YES_AGGRESSIVE;
				GCC_WARN_UNUSED_FUNCTION = YES;
				GCC_WARN_UNUSED_VARIABLE = YES;
				IPHONEOS_DEPLOYMENT_TARGET = 15.2;
				MTL_ENABLE_DEBUG_INFO = INCLUDE_SOURCE;
				MTL_FAST_MATH = YES;
				ONLY_ACTIVE_ARCH = YES;
				SDKROOT = iphoneos;
				SWIFT_ACTIVE_COMPILATION_CONDITIONS = DEBUG;
				SWIFT_OPTIMIZATION_LEVEL = "-Onone";
			};
			name = Debug;
		};
		636E2E8227F3131B004DB925 /* Release */ = {
			isa = XCBuildConfiguration;
			buildSettings = {
				ALWAYS_SEARCH_USER_PATHS = NO;
				CLANG_ANALYZER_NONNULL = YES;
				CLANG_ANALYZER_NUMBER_OBJECT_CONVERSION = YES_AGGRESSIVE;
				CLANG_CXX_LANGUAGE_STANDARD = "gnu++17";
				CLANG_CXX_LIBRARY = "libc++";
				CLANG_ENABLE_MODULES = YES;
				CLANG_ENABLE_OBJC_ARC = YES;
				CLANG_ENABLE_OBJC_WEAK = YES;
				CLANG_WARN_BLOCK_CAPTURE_AUTORELEASING = YES;
				CLANG_WARN_BOOL_CONVERSION = YES;
				CLANG_WARN_COMMA = YES;
				CLANG_WARN_CONSTANT_CONVERSION = YES;
				CLANG_WARN_DEPRECATED_OBJC_IMPLEMENTATIONS = YES;
				CLANG_WARN_DIRECT_OBJC_ISA_USAGE = YES_ERROR;
				CLANG_WARN_DOCUMENTATION_COMMENTS = YES;
				CLANG_WARN_EMPTY_BODY = YES;
				CLANG_WARN_ENUM_CONVERSION = YES;
				CLANG_WARN_INFINITE_RECURSION = YES;
				CLANG_WARN_INT_CONVERSION = YES;
				CLANG_WARN_NON_LITERAL_NULL_CONVERSION = YES;
				CLANG_WARN_OBJC_IMPLICIT_RETAIN_SELF = YES;
				CLANG_WARN_OBJC_LITERAL_CONVERSION = YES;
				CLANG_WARN_OBJC_ROOT_CLASS = YES_ERROR;
				CLANG_WARN_QUOTED_INCLUDE_IN_FRAMEWORK_HEADER = YES;
				CLANG_WARN_RANGE_LOOP_ANALYSIS = YES;
				CLANG_WARN_STRICT_PROTOTYPES = YES;
				CLANG_WARN_SUSPICIOUS_MOVE = YES;
				CLANG_WARN_UNGUARDED_AVAILABILITY = YES_AGGRESSIVE;
				CLANG_WARN_UNREACHABLE_CODE = YES;
				CLANG_WARN__DUPLICATE_METHOD_MATCH = YES;
				COPY_PHASE_STRIP = NO;
				DEBUG_INFORMATION_FORMAT = "dwarf-with-dsym";
				ENABLE_NS_ASSERTIONS = NO;
				ENABLE_STRICT_OBJC_MSGSEND = YES;
				GCC_C_LANGUAGE_STANDARD = gnu11;
				GCC_NO_COMMON_BLOCKS = YES;
				GCC_WARN_64_TO_32_BIT_CONVERSION = YES;
				GCC_WARN_ABOUT_RETURN_TYPE = YES_ERROR;
				GCC_WARN_UNDECLARED_SELECTOR = YES;
				GCC_WARN_UNINITIALIZED_AUTOS = YES_AGGRESSIVE;
				GCC_WARN_UNUSED_FUNCTION = YES;
				GCC_WARN_UNUSED_VARIABLE = YES;
				IPHONEOS_DEPLOYMENT_TARGET = 15.2;
				MTL_ENABLE_DEBUG_INFO = NO;
				MTL_FAST_MATH = YES;
				SDKROOT = iphoneos;
				SWIFT_COMPILATION_MODE = wholemodule;
				SWIFT_OPTIMIZATION_LEVEL = "-O";
				VALIDATE_PRODUCT = YES;
			};
			name = Release;
		};
		636E2E8427F3131B004DB925 /* Debug */ = {
			isa = XCBuildConfiguration;
			baseConfigurationReference = 873AFC56D58F0B24F2063404 /* Pods-Netflix-Clone-MVVM.debug.xcconfig */;
			buildSettings = {
				ASSETCATALOG_COMPILER_APPICON_NAME = AppIcon;
				ASSETCATALOG_COMPILER_GLOBAL_ACCENT_COLOR_NAME = AccentColor;
				CODE_SIGN_STYLE = Automatic;
				CURRENT_PROJECT_VERSION = 1;
				DEVELOPMENT_TEAM = YW89A2JD7V;
				GENERATE_INFOPLIST_FILE = YES;
				INFOPLIST_FILE = "Netflix-Clone-MVVM/Info.plist";
				INFOPLIST_KEY_UIApplicationSupportsIndirectInputEvents = YES;
				INFOPLIST_KEY_UILaunchStoryboardName = LaunchScreen;
				INFOPLIST_KEY_UISupportedInterfaceOrientations_iPad = "UIInterfaceOrientationPortrait UIInterfaceOrientationPortraitUpsideDown UIInterfaceOrientationLandscapeLeft UIInterfaceOrientationLandscapeRight";
				INFOPLIST_KEY_UISupportedInterfaceOrientations_iPhone = "UIInterfaceOrientationPortrait UIInterfaceOrientationLandscapeLeft UIInterfaceOrientationLandscapeRight";
				LD_RUNPATH_SEARCH_PATHS = (
					"$(inherited)",
					"@executable_path/Frameworks",
				);
				MARKETING_VERSION = 1.0;
				PRODUCT_BUNDLE_IDENTIFIER = "com.ugurhmz.Netflix-Clone-MVVM";
				PRODUCT_NAME = "$(TARGET_NAME)";
				SWIFT_EMIT_LOC_STRINGS = YES;
				SWIFT_VERSION = 5.0;
				TARGETED_DEVICE_FAMILY = "1,2";
			};
			name = Debug;
		};
		636E2E8527F3131B004DB925 /* Release */ = {
			isa = XCBuildConfiguration;
			baseConfigurationReference = D9761DDF5A7A9C887270B1F3 /* Pods-Netflix-Clone-MVVM.release.xcconfig */;
			buildSettings = {
				ASSETCATALOG_COMPILER_APPICON_NAME = AppIcon;
				ASSETCATALOG_COMPILER_GLOBAL_ACCENT_COLOR_NAME = AccentColor;
				CODE_SIGN_STYLE = Automatic;
				CURRENT_PROJECT_VERSION = 1;
				DEVELOPMENT_TEAM = YW89A2JD7V;
				GENERATE_INFOPLIST_FILE = YES;
				INFOPLIST_FILE = "Netflix-Clone-MVVM/Info.plist";
				INFOPLIST_KEY_UIApplicationSupportsIndirectInputEvents = YES;
				INFOPLIST_KEY_UILaunchStoryboardName = LaunchScreen;
				INFOPLIST_KEY_UISupportedInterfaceOrientations_iPad = "UIInterfaceOrientationPortrait UIInterfaceOrientationPortraitUpsideDown UIInterfaceOrientationLandscapeLeft UIInterfaceOrientationLandscapeRight";
				INFOPLIST_KEY_UISupportedInterfaceOrientations_iPhone = "UIInterfaceOrientationPortrait UIInterfaceOrientationLandscapeLeft UIInterfaceOrientationLandscapeRight";
				LD_RUNPATH_SEARCH_PATHS = (
					"$(inherited)",
					"@executable_path/Frameworks",
				);
				MARKETING_VERSION = 1.0;
				PRODUCT_BUNDLE_IDENTIFIER = "com.ugurhmz.Netflix-Clone-MVVM";
				PRODUCT_NAME = "$(TARGET_NAME)";
				SWIFT_EMIT_LOC_STRINGS = YES;
				SWIFT_VERSION = 5.0;
				TARGETED_DEVICE_FAMILY = "1,2";
			};
			name = Release;
		};
/* End XCBuildConfiguration section */

/* Begin XCConfigurationList section */
		636E2E6A27F3131A004DB925 /* Build configuration list for PBXProject "Netflix-Clone-MVVM" */ = {
			isa = XCConfigurationList;
			buildConfigurations = (
				636E2E8127F3131B004DB925 /* Debug */,
				636E2E8227F3131B004DB925 /* Release */,
			);
			defaultConfigurationIsVisible = 0;
			defaultConfigurationName = Release;
		};
		636E2E8327F3131B004DB925 /* Build configuration list for PBXNativeTarget "Netflix-Clone-MVVM" */ = {
			isa = XCConfigurationList;
			buildConfigurations = (
				636E2E8427F3131B004DB925 /* Debug */,
				636E2E8527F3131B004DB925 /* Release */,
			);
			defaultConfigurationIsVisible = 0;
			defaultConfigurationName = Release;
		};
/* End XCConfigurationList section */

/* Begin XCRemoteSwiftPackageReference section */
		63E8072127F6580400001D7B /* XCRemoteSwiftPackageReference "Kingfisher" */ = {
			isa = XCRemoteSwiftPackageReference;
			repositoryURL = "https://github.com/onevcat/Kingfisher.git";
			requirement = {
				kind = upToNextMajorVersion;
				minimumVersion = 7.0.0;
			};
		};
/* End XCRemoteSwiftPackageReference section */

/* Begin XCSwiftPackageProductDependency section */
		63E8072227F6580400001D7B /* Kingfisher */ = {
			isa = XCSwiftPackageProductDependency;
			package = 63E8072127F6580400001D7B /* XCRemoteSwiftPackageReference "Kingfisher" */;
			productName = Kingfisher;
		};
/* End XCSwiftPackageProductDependency section */

/* Begin XCVersionGroup section */
		637E5E5127FDD75F0089ABB0 /* NetflixEntity.xcdatamodeld */ = {
			isa = XCVersionGroup;
			children = (
				637E5E5227FDD75F0089ABB0 /* NetflixEntity.xcdatamodel */,
			);
			currentVersion = 637E5E5227FDD75F0089ABB0 /* NetflixEntity.xcdatamodel */;
			path = NetflixEntity.xcdatamodeld;
			sourceTree = "<group>";
			versionGroupType = wrapper.xcdatamodel;
		};
/* End XCVersionGroup section */
	};
	rootObject = 636E2E6727F3131A004DB925 /* Project object */;
}
